
Microsoft Visual Studio Solution File, Format Version 12.00
# Visual Studio Version 17
VisualStudioVersion = 17.5.002.0
MinimumVisualStudioVersion = 10.0.40219.1
Project("{2150E333-8FDC-42A3-9474-1A3956D46DE8}") = "01_CSHARP", "01_CSHARP", "{ECD5895E-48CE-443C-AA12-1E606A2F2C95}"
EndProject
Project("{2150E333-8FDC-42A3-9474-1A3956D46DE8}") = "Lesson1", "Lesson1", "{CD9ECADE-6AF8-4EB5-90F4-A52E5E08A374}"
EndProject
Project("{9A19103F-16F7-4668-BE54-9A1E7A4F7556}") = "Task1", "01_CSHARP\Lesson1\Task1\Task1.csproj", "{92CEA20B-661D-4B88-AF9F-CE6730BA6E1A}"
EndProject
Global
	GlobalSection(SolutionConfigurationPlatforms) = preSolution
		Debug|Any CPU = Debug|Any CPU
		Release|Any CPU = Release|Any CPU
	EndGlobalSection
	GlobalSection(ProjectConfigurationPlatforms) = postSolution
		{92CEA20B-661D-4B88-AF9F-CE6730BA6E1A}.Debug|Any CPU.ActiveCfg = Debug|Any CPU
		{92CEA20B-661D-4B88-AF9F-CE6730BA6E1A}.Debug|Any CPU.Build.0 = Debug|Any CPU
		{92CEA20B-661D-4B88-AF9F-CE6730BA6E1A}.Release|Any CPU.ActiveCfg = Release|Any CPU
		{92CEA20B-661D-4B88-AF9F-CE6730BA6E1A}.Release|Any CPU.Build.0 = Release|Any CPU
	EndGlobalSection
	GlobalSection(SolutionProperties) = preSolution
		HideSolutionNode = FALSE
	EndGlobalSection
	GlobalSection(NestedProjects) = preSolution
		{CD9ECADE-6AF8-4EB5-90F4-A52E5E08A374} = {ECD5895E-48CE-443C-AA12-1E606A2F2C95}
		{92CEA20B-661D-4B88-AF9F-CE6730BA6E1A} = {CD9ECADE-6AF8-4EB5-90F4-A52E5E08A374}
	EndGlobalSection
	GlobalSection(ExtensibilityGlobals) = postSolution
		SolutionGuid = {45C872FB-804B-44B6-9338-3229D632DDEE}
	EndGlobalSection
EndGlobal
